{
  "name": "shua",
  "version": "1.0.0",
  "lockfileVersion": 1,
  "requires": true,
  "dependencies": {
    "fs": {
      "version": "0.0.1-security",
      "resolved": "http://rnpm.hz.netease.com/fs/download/fs-0.0.1-security.tgz",
      "integrity": "sha1-invTcYa23d84E/I4WLV+yq9eQdQ="
    },
    "is-wsl": {
      "version": "1.1.0",
      "resolved": "http://rnpm.hz.netease.com/is-wsl/download/is-wsl-1.1.0.tgz",
      "integrity": "sha1-HxbkqiKwTRM2tmGIpmrzxgDDpm0="
    },
    "opn": {
      "version": "5.3.0",
      "resolved": "http://rnpm.hz.netease.com/opn/download/opn-5.3.0.tgz",
      "integrity": "sha1-ZIcVZchjh18FLP31PT48ta21Oxw=",
      "requires": {
        "is-wsl": "1.1.0"
      }
    }
  }
}
